{
  "name": "idonotknowimadeagod",
  "lockfileVersion": 3,
  "requires": true,
  "packages": {
    "": {
      "dependencies": {
        "opencode-ai": "^1.0.207"
      }
    },
    "node_modules/opencode-ai": {
      "version": "1.0.207",
      "resolved": "https://registry.npmjs.org/opencode-ai/-/opencode-ai-1.0.207.tgz",
      "integrity": "sha512-yzvfvocD5LpOwELlFCkGWYvDD0R9dYi4AFI9aszrvxPSqplUnGgOsFpmv/ajsL0X6x657TFvoWU0r2/knFlz+A==",
      "hasInstallScript": true,
      "bin": {
        "opencode": "bin/opencode"
      },
      "optionalDependencies": {
        "opencode-darwin-arm64": "1.0.207",
        "opencode-darwin-x64": "1.0.207",
        "opencode-darwin-x64-baseline": "1.0.207",
        "opencode-linux-arm64": "1.0.207",
        "opencode-linux-arm64-musl": "1.0.207",
        "opencode-linux-x64": "1.0.207",
        "opencode-linux-x64-baseline": "1.0.207",
        "opencode-linux-x64-baseline-musl": "1.0.207",
        "opencode-linux-x64-musl": "1.0.207",
        "opencode-windows-x64": "1.0.207",
        "opencode-windows-x64-baseline": "1.0.207"
      }
    },
    "node_modules/opencode-darwin-arm64": {
      "version": "1.0.207",
      "resolved": "https://registry.npmjs.org/opencode-darwin-arm64/-/opencode-darwin-arm64-1.0.207.tgz",
      "integrity": "sha512-HYXigkYlpYQRn0zTF1wu4DrmlALryg5g/JUBY9nCtFx3x7OeEmWsxKzvMwc/KB5BoEQxCXIt6VTItMKHDRa2SA==",
      "cpu": [
        "arm64"
      ],
      "optional": true,
      "os": [
        "darwin"
      ]
    },
    "node_modules/opencode-darwin-x64": {
      "version": "1.0.207",
      "resolved": "https://registry.npmjs.org/opencode-darwin-x64/-/opencode-darwin-x64-1.0.207.tgz",
      "integrity": "sha512-ZDZrNDp960qQtg7IPwdTLpm9cckdkDP+eL8MCj9e2nyxp+JAwEO+IRndwekB2+mtqidwfH4nDoG1E1Bvma/FuA==",
      "cpu": [
        "x64"
      ],
      "optional": true,
      "os": [
        "darwin"
      ]
    },
    "node_modules/opencode-darwin-x64-baseline": {
      "version": "1.0.207",
      "resolved": "https://registry.npmjs.org/opencode-darwin-x64-baseline/-/opencode-darwin-x64-baseline-1.0.207.tgz",
      "integrity": "sha512-n1trxzGo81ZMJv6R84NSHHfbXifnM/FE1wMMwccKaXL/SFNTM6vzpgwUZoT0iruo33Bj+GGldYzLPkMrcp+RtA==",
      "cpu": [
        "x64"
      ],
      "optional": true,
      "os": [
        "darwin"
      ]
    },
    "node_modules/opencode-linux-arm64": {
      "version": "1.0.207",
      "resolved": "https://registry.npmjs.org/opencode-linux-arm64/-/opencode-linux-arm64-1.0.207.tgz",
      "integrity": "sha512-1gaMVWZUtmhoWNebCgZar1K7O7QEmww6yxVDJOvqqs07A4iOppA5sNWogkRzGy7JOnKShENILMfXIv7vBQ3xkw==",
      "cpu": [
        "arm64"
      ],
      "optional": true,
      "os": [
        "linux"
      ]
    },
    "node_modules/opencode-linux-arm64-musl": {
      "version": "1.0.207",
      "resolved": "https://registry.npmjs.org/opencode-linux-arm64-musl/-/opencode-linux-arm64-musl-1.0.207.tgz",
      "integrity": "sha512-9ZDKc8OZQKUvQJggQdMBp3yeWXrZYKmioyHVbYdqlj5t6wufW9hPlIJAEsQIX8ydX+VjO/QNouCuusmceRE3Rg==",
      "cpu": [
        "arm64"
      ],
      "optional": true,
      "os": [
        "linux"
      ]
    },
    "node_modules/opencode-linux-x64": {
      "version": "1.0.207",
      "resolved": "https://registry.npmjs.org/opencode-linux-x64/-/opencode-linux-x64-1.0.207.tgz",
      "integrity": "sha512-QHoOz47kd9ZS+3jTct0435U4sjvDHKaMf4Bt3R4EslwhbqycD1BvWMDKhMkCST9lN5dLO0WYnlUQvCGR2zY0lw==",
      "cpu": [
        "x64"
      ],
      "optional": true,
      "os": [
        "linux"
      ]
    },
    "node_modules/opencode-linux-x64-baseline": {
      "version": "1.0.207",
      "resolved": "https://registry.npmjs.org/opencode-linux-x64-baseline/-/opencode-linux-x64-baseline-1.0.207.tgz",
      "integrity": "sha512-OdMdg3RGUSst6TJh2noEKu3pppdJi1qtVwI7TJBtvqyfWKAzWz0N0cOrAgQnlXyICE7ABV3Btrv+Urc3QhlMMQ==",
      "cpu": [
        "x64"
      ],
      "optional": true,
      "os": [
        "linux"
      ]
    },
    "node_modules/opencode-linux-x64-baseline-musl": {
      "version": "1.0.207",
      "resolved": "https://registry.npmjs.org/opencode-linux-x64-baseline-musl/-/opencode-linux-x64-baseline-musl-1.0.207.tgz",
      "integrity": "sha512-gf+JZ1DO4+rqDjgCN5IjMSvT234I4p4Fb09t7oCtPwmSJKtrr/VUu6nm1PeZMVbGk9gBkqervoX8/9vROPns2g==",
      "cpu": [
        "x64"
      ],
      "optional": true,
      "os": [
        "linux"
      ]
    },
    "node_modules/opencode-linux-x64-musl": {
      "version": "1.0.207",
      "resolved": "https://registry.npmjs.org/opencode-linux-x64-musl/-/opencode-linux-x64-musl-1.0.207.tgz",
      "integrity": "sha512-8sCpYI/chzcodbg63c01kNLwCbg0klCU39WmU5VBTVZoHV4c3steCJPIBdLgCwUgT3F3RoXuhki8rlhvkYuGOA==",
      "cpu": [
        "x64"
      ],
      "optional": true,
      "os": [
        "linux"
      ]
    },
    "node_modules/opencode-windows-x64": {
      "version": "1.0.207",
      "resolved": "https://registry.npmjs.org/opencode-windows-x64/-/opencode-windows-x64-1.0.207.tgz",
      "integrity": "sha512-jBy6RSPPCQDucBZSTGgPrTROAaLLJ5hP52Q2aTVxnjujlpt86yfC/ZQwADBNw4v+bOJz7/K2uV1UXt6frc+1Ug==",
      "cpu": [
        "x64"
      ],
      "optional": true,
      "os": [
        "win32"
      ]
    },
    "node_modules/opencode-windows-x64-baseline": {
      "version": "1.0.207",
      "resolved": "https://registry.npmjs.org/opencode-windows-x64-baseline/-/opencode-windows-x64-baseline-1.0.207.tgz",
      "integrity": "sha512-wunrt8ZfXyqP0Fyj3v2n+aZeu1D4pA2W3CuIe+9vbdAUw1l7JaIJ3XYWj2CH+kRMV3+MjIVJ3Qpuxgp4HHT7XA==",
      "cpu": [
        "x64"
      ],
      "optional": true,
      "os": [
        "win32"
      ]
    }
  }
}
